// !$*UTF8*$!
{
	archiveVersion = 1;
	classes = {
	};
	objectVersion = 46;
	objects = {

/* Begin PBXBuildFile section */
		423DD330FF6C2EC311584F7E /* Pods_QRReaderDemo.framework in Frameworks */ = {isa = PBXBuildFile; fileRef = 0668928BE3FB6287C92101F5 /* Pods_QRReaderDemo.framework */; };
		705F4ACE1D1BD1E50039D771 /* RealmTest.swift in Sources */ = {isa = PBXBuildFile; fileRef = 705F4ACD1D1BD1E50039D771 /* RealmTest.swift */; };
		706E0EE81D1A372B0072D8A3 /* QRcodeGenerator.swift in Sources */ = {isa = PBXBuildFile; fileRef = 706E0EE71D1A372B0072D8A3 /* QRcodeGenerator.swift */; };
		707F47901D1CFA0500A31323 /* FingerPrintViewController.swift in Sources */ = {isa = PBXBuildFile; fileRef = 707F478F1D1CFA0500A31323 /* FingerPrintViewController.swift */; };
		707F47A61D2226E800A31323 /* API.swift in Sources */ = {isa = PBXBuildFile; fileRef = 707F47A51D2226E800A31323 /* API.swift */; };
		707F47A81D24F8AD00A31323 /* AVFoundation.framework in Frameworks */ = {isa = PBXBuildFile; fileRef = 707F47A71D24F8AD00A31323 /* AVFoundation.framework */; };
		70B14DA41D33370600295085 /* UploadViewController.swift in Sources */ = {isa = PBXBuildFile; fileRef = 70B14DA31D33370600295085 /* UploadViewController.swift */; };
		F4973AB11A21DD6D00E2F44E /* AppDelegate.swift in Sources */ = {isa = PBXBuildFile; fileRef = F4973AB01A21DD6D00E2F44E /* AppDelegate.swift */; };
		F4973AB31A21DD6D00E2F44E /* ViewController.swift in Sources */ = {isa = PBXBuildFile; fileRef = F4973AB21A21DD6D00E2F44E /* ViewController.swift */; };
		F4973AB61A21DD6D00E2F44E /* Main.storyboard in Resources */ = {isa = PBXBuildFile; fileRef = F4973AB41A21DD6D00E2F44E /* Main.storyboard */; };
		F4973AB81A21DD6D00E2F44E /* Images.xcassets in Resources */ = {isa = PBXBuildFile; fileRef = F4973AB71A21DD6D00E2F44E /* Images.xcassets */; };
		F4973ABB1A21DD6D00E2F44E /* LaunchScreen.xib in Resources */ = {isa = PBXBuildFile; fileRef = F4973AB91A21DD6D00E2F44E /* LaunchScreen.xib */; };
		F4973AC71A21DD6E00E2F44E /* QRReaderDemoTests.swift in Sources */ = {isa = PBXBuildFile; fileRef = F4973AC61A21DD6E00E2F44E /* QRReaderDemoTests.swift */; };
/* End PBXBuildFile section */

/* Begin PBXContainerItemProxy section */
		F4973AC11A21DD6E00E2F44E /* PBXContainerItemProxy */ = {
			isa = PBXContainerItemProxy;
			containerPortal = F4973AA31A21DD6D00E2F44E /* Project object */;
			proxyType = 1;
			remoteGlobalIDString = F4973AAA1A21DD6D00E2F44E;
			remoteInfo = QRReaderDemo;
		};
/* End PBXContainerItemProxy section */

/* Begin PBXFileReference section */
		0668928BE3FB6287C92101F5 /* Pods_QRReaderDemo.framework */ = {isa = PBXFileReference; explicitFileType = wrapper.framework; includeInIndex = 0; path = Pods_QRReaderDemo.framework; sourceTree = BUILT_PRODUCTS_DIR; };
		0B52FC5EB9E67254309AF154 /* Pods_QRReaderDemoTests.framework */ = {isa = PBXFileReference; explicitFileType = wrapper.framework; includeInIndex = 0; path = Pods_QRReaderDemoTests.framework; sourceTree = BUILT_PRODUCTS_DIR; };
		705F4ACD1D1BD1E50039D771 /* RealmTest.swift */ = {isa = PBXFileReference; fileEncoding = 4; lastKnownFileType = sourcecode.swift; path = RealmTest.swift; sourceTree = "<group>"; };
		706E0EE71D1A372B0072D8A3 /* QRcodeGenerator.swift */ = {isa = PBXFileReference; fileEncoding = 4; lastKnownFileType = sourcecode.swift; path = QRcodeGenerator.swift; sourceTree = "<group>"; };
		707F478F1D1CFA0500A31323 /* FingerPrintViewController.swift */ = {isa = PBXFileReference; fileEncoding = 4; lastKnownFileType = sourcecode.swift; path = FingerPrintViewController.swift; sourceTree = "<group>"; };
		707F47A51D2226E800A31323 /* API.swift */ = {isa = PBXFileReference; fileEncoding = 4; lastKnownFileType = sourcecode.swift; path = API.swift; sourceTree = "<group>"; };
		707F47A71D24F8AD00A31323 /* AVFoundation.framework */ = {isa = PBXFileReference; lastKnownFileType = wrapper.framework; name = AVFoundation.framework; path = System/Library/Frameworks/AVFoundation.framework; sourceTree = SDKROOT; };
		70B14DA31D33370600295085 /* UploadViewController.swift */ = {isa = PBXFileReference; fileEncoding = 4; lastKnownFileType = sourcecode.swift; path = UploadViewController.swift; sourceTree = "<group>"; };
		7D00E381CA5BAE01246599A8 /* Pods-QRReaderDemo.debug.xcconfig */ = {isa = PBXFileReference; includeInIndex = 1; lastKnownFileType = text.xcconfig; name = "Pods-QRReaderDemo.debug.xcconfig"; path = "Pods/Target Support Files/Pods-QRReaderDemo/Pods-QRReaderDemo.debug.xcconfig"; sourceTree = "<group>"; };
		BFC391244BD71A773D832713 /* Pods-QRReaderDemo.release.xcconfig */ = {isa = PBXFileReference; includeInIndex = 1; lastKnownFileType = text.xcconfig; name = "Pods-QRReaderDemo.release.xcconfig"; path = "Pods/Target Support Files/Pods-QRReaderDemo/Pods-QRReaderDemo.release.xcconfig"; sourceTree = "<group>"; };
		F4973AAB1A21DD6D00E2F44E /* QRCode.app */ = {isa = PBXFileReference; explicitFileType = wrapper.application; includeInIndex = 0; path = QRCode.app; sourceTree = BUILT_PRODUCTS_DIR; };
		F4973AAF1A21DD6D00E2F44E /* Info.plist */ = {isa = PBXFileReference; lastKnownFileType = text.plist.xml; path = Info.plist; sourceTree = "<group>"; };
		F4973AB01A21DD6D00E2F44E /* AppDelegate.swift */ = {isa = PBXFileReference; lastKnownFileType = sourcecode.swift; path = AppDelegate.swift; sourceTree = "<group>"; };
		F4973AB21A21DD6D00E2F44E /* ViewController.swift */ = {isa = PBXFileReference; lastKnownFileType = sourcecode.swift; path = ViewController.swift; sourceTree = "<group>"; };
		F4973AB51A21DD6D00E2F44E /* Base */ = {isa = PBXFileReference; lastKnownFileType = file.storyboard; name = Base; path = Base.lproj/Main.storyboard; sourceTree = "<group>"; };
		F4973AB71A21DD6D00E2F44E /* Images.xcassets */ = {isa = PBXFileReference; lastKnownFileType = folder.assetcatalog; path = Images.xcassets; sourceTree = "<group>"; };
		F4973ABA1A21DD6D00E2F44E /* Base */ = {isa = PBXFileReference; lastKnownFileType = file.xib; name = Base; path = Base.lproj/LaunchScreen.xib; sourceTree = "<group>"; };
		F4973AC01A21DD6E00E2F44E /* QRReaderDemoTests.xctest */ = {isa = PBXFileReference; explicitFileType = wrapper.cfbundle; includeInIndex = 0; path = QRReaderDemoTests.xctest; sourceTree = BUILT_PRODUCTS_DIR; };
		F4973AC51A21DD6E00E2F44E /* Info.plist */ = {isa = PBXFileReference; lastKnownFileType = text.plist.xml; path = Info.plist; sourceTree = "<group>"; };
		F4973AC61A21DD6E00E2F44E /* QRReaderDemoTests.swift */ = {isa = PBXFileReference; lastKnownFileType = sourcecode.swift; path = QRReaderDemoTests.swift; sourceTree = "<group>"; };
/* End PBXFileReference section */

/* Begin PBXFrameworksBuildPhase section */
		F4973AA81A21DD6D00E2F44E /* Frameworks */ = {
			isa = PBXFrameworksBuildPhase;
			buildActionMask = 2147483647;
			files = (
				707F47A81D24F8AD00A31323 /* AVFoundation.framework in Frameworks */,
				423DD330FF6C2EC311584F7E /* Pods_QRReaderDemo.framework in Frameworks */,
			);
			runOnlyForDeploymentPostprocessing = 0;
		};
		F4973ABD1A21DD6E00E2F44E /* Frameworks */ = {
			isa = PBXFrameworksBuildPhase;
			buildActionMask = 2147483647;
			files = (
			);
			runOnlyForDeploymentPostprocessing = 0;
		};
/* End PBXFrameworksBuildPhase section */

/* Begin PBXGroup section */
		663B360416F3712007DE9617 /* Frameworks */ = {
			isa = PBXGroup;
			children = (
				707F47A71D24F8AD00A31323 /* AVFoundation.framework */,
				0B52FC5EB9E67254309AF154 /* Pods_QRReaderDemoTests.framework */,
				0668928BE3FB6287C92101F5 /* Pods_QRReaderDemo.framework */,
			);
			name = Frameworks;
			sourceTree = "<group>";
		};
		B4D55E88B1A2047FB18FF040 /* Pods */ = {
			isa = PBXGroup;
			children = (
				7D00E381CA5BAE01246599A8 /* Pods-QRReaderDemo.debug.xcconfig */,
				BFC391244BD71A773D832713 /* Pods-QRReaderDemo.release.xcconfig */,
			);
			name = Pods;
			sourceTree = "<group>";
		};
		F4973AA21A21DD6D00E2F44E = {
			isa = PBXGroup;
			children = (
				F4973AAD1A21DD6D00E2F44E /* QRReaderDemo */,
				F4973AAC1A21DD6D00E2F44E /* Products */,
				B4D55E88B1A2047FB18FF040 /* Pods */,
				663B360416F3712007DE9617 /* Frameworks */,
			);
			sourceTree = "<group>";
		};
		F4973AAC1A21DD6D00E2F44E /* Products */ = {
			isa = PBXGroup;
			children = (
				F4973AAB1A21DD6D00E2F44E /* QRCode.app */,
				F4973AC01A21DD6E00E2F44E /* QRReaderDemoTests.xctest */,
			);
			name = Products;
			sourceTree = "<group>";
		};
		F4973AAD1A21DD6D00E2F44E /* QRReaderDemo */ = {
			isa = PBXGroup;
			children = (
				F4973AB01A21DD6D00E2F44E /* AppDelegate.swift */,
				706E0EE71D1A372B0072D8A3 /* QRcodeGenerator.swift */,
				F4973AB21A21DD6D00E2F44E /* ViewController.swift */,
				70B14DA31D33370600295085 /* UploadViewController.swift */,
				F4973AC31A21DD6E00E2F44E /* QRReaderDemoTests */,
				F4973AB41A21DD6D00E2F44E /* Main.storyboard */,
				F4973AB71A21DD6D00E2F44E /* Images.xcassets */,
				F4973AB91A21DD6D00E2F44E /* LaunchScreen.xib */,
				F4973AAE1A21DD6D00E2F44E /* Supporting Files */,
			);
			path = QRReaderDemo;
			sourceTree = "<group>";
		};
		F4973AAE1A21DD6D00E2F44E /* Supporting Files */ = {
			isa = PBXGroup;
			children = (
				707F478F1D1CFA0500A31323 /* FingerPrintViewController.swift */,
				705F4ACD1D1BD1E50039D771 /* RealmTest.swift */,
				707F47A51D2226E800A31323 /* API.swift */,
				F4973AAF1A21DD6D00E2F44E /* Info.plist */,
			);
			name = "Supporting Files";
			sourceTree = "<group>";
		};
		F4973AC31A21DD6E00E2F44E /* QRReaderDemoTests */ = {
			isa = PBXGroup;
			children = (
				F4973AC61A21DD6E00E2F44E /* QRReaderDemoTests.swift */,
				F4973AC41A21DD6E00E2F44E /* Supporting Files */,
			);
			path = QRReaderDemoTests;
			sourceTree = SOURCE_ROOT;
		};
		F4973AC41A21DD6E00E2F44E /* Supporting Files */ = {
			isa = PBXGroup;
			children = (
				F4973AC51A21DD6E00E2F44E /* Info.plist */,
			);
			name = "Supporting Files";
			sourceTree = "<group>";
		};
/* End PBXGroup section */

/* Begin PBXNativeTarget section */
		F4973AAA1A21DD6D00E2F44E /* QRReaderDemo */ = {
			isa = PBXNativeTarget;
			buildConfigurationList = F4973ACA1A21DD6E00E2F44E /* Build configuration list for PBXNativeTarget "QRReaderDemo" */;
			buildPhases = (
				0871923D16DE9AF780B867C7 /* [CP] Check Pods Manifest.lock */,
				F4973AA71A21DD6D00E2F44E /* Sources */,
				F4973AA81A21DD6D00E2F44E /* Frameworks */,
				F4973AA91A21DD6D00E2F44E /* Resources */,
				EA6146B2519986A554118BFF /* [CP] Embed Pods Frameworks */,
				30B2C8B1E2031ECF557F1D87 /* [CP] Copy Pods Resources */,
			);
			buildRules = (
			);
			dependencies = (
			);
			name = QRReaderDemo;
			productName = QRReaderDemo;
			productReference = F4973AAB1A21DD6D00E2F44E /* QRCode.app */;
			productType = "com.apple.product-type.application";
		};
		F4973ABF1A21DD6E00E2F44E /* QRReaderDemoTests */ = {
			isa = PBXNativeTarget;
			buildConfigurationList = F4973ACD1A21DD6E00E2F44E /* Build configuration list for PBXNativeTarget "QRReaderDemoTests" */;
			buildPhases = (
				35812FFD65B505E2A2498512 /* [CP] Check Pods Manifest.lock */,
				F4973ABC1A21DD6E00E2F44E /* Sources */,
				F4973ABD1A21DD6E00E2F44E /* Frameworks */,
				F4973ABE1A21DD6E00E2F44E /* Resources */,
				F406ACE553CBA7EA32BA2E74 /* [CP] Embed Pods Frameworks */,
				2ED6FD4EAD1A55D3518AB6AA /* [CP] Copy Pods Resources */,
			);
			buildRules = (
			);
			dependencies = (
				F4973AC21A21DD6E00E2F44E /* PBXTargetDependency */,
			);
			name = QRReaderDemoTests;
			productName = QRReaderDemoTests;
			productReference = F4973AC01A21DD6E00E2F44E /* QRReaderDemoTests.xctest */;
			productType = "com.apple.product-type.bundle.unit-test";
		};
/* End PBXNativeTarget section */

/* Begin PBXProject section */
		F4973AA31A21DD6D00E2F44E /* Project object */ = {
			isa = PBXProject;
			attributes = {
				LastSwiftUpdateCheck = 0700;
				LastUpgradeCheck = 0700;
				ORGANIZATIONNAME = AppCoda;
				TargetAttributes = {
					F4973AAA1A21DD6D00E2F44E = {
						CreatedOnToolsVersion = 6.1;
					};
					F4973ABF1A21DD6E00E2F44E = {
						CreatedOnToolsVersion = 6.1;
						TestTargetID = F4973AAA1A21DD6D00E2F44E;
					};
				};
			};
			buildConfigurationList = F4973AA61A21DD6D00E2F44E /* Build configuration list for PBXProject "QRReaderDemo" */;
			compatibilityVersion = "Xcode 3.2";
			developmentRegion = English;
			hasScannedForEncodings = 0;
			knownRegions = (
				en,
				Base,
			);
			mainGroup = F4973AA21A21DD6D00E2F44E;
			productRefGroup = F4973AAC1A21DD6D00E2F44E /* Products */;
			projectDirPath = "";
			projectRoot = "";
			targets = (
				F4973AAA1A21DD6D00E2F44E /* QRReaderDemo */,
				F4973ABF1A21DD6E00E2F44E /* QRReaderDemoTests */,
			);
		};
/* End PBXProject section */

/* Begin PBXResourcesBuildPhase section */
		F4973AA91A21DD6D00E2F44E /* Resources */ = {
			isa = PBXResourcesBuildPhase;
			buildActionMask = 2147483647;
			files = (
				F4973AB61A21DD6D00E2F44E /* Main.storyboard in Resources */,
				F4973ABB1A21DD6D00E2F44E /* LaunchScreen.xib in Resources */,
				F4973AB81A21DD6D00E2F44E /* Images.xcassets in Resources */,
			);
			runOnlyForDeploymentPostprocessing = 0;
		};
		F4973ABE1A21DD6E00E2F44E /* Resources */ = {
			isa = PBXResourcesBuildPhase;
			buildActionMask = 2147483647;
			files = (
			);
			runOnlyForDeploymentPostprocessing = 0;
		};
/* End PBXResourcesBuildPhase section */

/* Begin PBXShellScriptBuildPhase section */
		0871923D16DE9AF780B867C7 /* [CP] Check Pods Manifest.lock */ = {
			isa = PBXShellScriptBuildPhase;
			buildActionMask = 2147483647;
			files = (
			);
			inputPaths = (
			);
			name = "[CP] Check Pods Manifest.lock";
			outputPaths = (
			);
			runOnlyForDeploymentPostprocessing = 0;
			shellPath = /bin/sh;
			shellScript = "diff \"${PODS_ROOT}/../Podfile.lock\" \"${PODS_ROOT}/Manifest.lock\" > /dev/null\nif [[ $? != 0 ]] ; then\n    cat << EOM\nerror: The sandbox is not in sync with the Podfile.lock. Run 'pod install' or update your CocoaPods installation.\nEOM\n    exit 1\nfi\n";
			showEnvVarsInLog = 0;
		};
		2ED6FD4EAD1A55D3518AB6AA /* [CP] Copy Pods Resources */ = {
			isa = PBXShellScriptBuildPhase;
			buildActionMask = 2147483647;
			files = (
			);
			inputPaths = (
			);
			name = "[CP] Copy Pods Resources";
			outputPaths = (
			);
			runOnlyForDeploymentPostprocessing = 0;
			shellPath = /bin/sh;
			shellScript = "\"${SRCROOT}/Pods/Target Support Files/Pods-QRReaderDemoTests/Pods-QRReaderDemoTests-resources.sh\"\n";
			showEnvVarsInLog = 0;
		};
		30B2C8B1E2031ECF557F1D87 /* [CP] Copy Pods Resources */ = {
			isa = PBXShellScriptBuildPhase;
			buildActionMask = 2147483647;
			files = (
			);
			inputPaths = (
			);
			name = "[CP] Copy Pods Resources";
			outputPaths = (
			);
			runOnlyForDeploymentPostprocessing = 0;
			shellPath = /bin/sh;
			shellScript = "\"${SRCROOT}/Pods/Target Support Files/Pods-QRReaderDemo/Pods-QRReaderDemo-resources.sh\"\n";
			showEnvVarsInLog = 0;
		};
		35812FFD65B505E2A2498512 /* [CP] Check Pods Manifest.lock */ = {
			isa = PBXShellScriptBuildPhase;
			buildActionMask = 2147483647;
			files = (
			);
			inputPaths = (
			);
			name = "[CP] Check Pods Manifest.lock";
			outputPaths = (
			);
			runOnlyForDeploymentPostprocessing = 0;
			shellPath = /bin/sh;
			shellScript = "diff \"${PODS_ROOT}/../Podfile.lock\" \"${PODS_ROOT}/Manifest.lock\" > /dev/null\nif [[ $? != 0 ]] ; then\n    cat << EOM\nerror: The sandbox is not in sync with the Podfile.lock. Run 'pod install' or update your CocoaPods installation.\nEOM\n    exit 1\nfi\n";
			showEnvVarsInLog = 0;
		};
		EA6146B2519986A554118BFF /* [CP] Embed Pods Frameworks */ = {
			isa = PBXShellScriptBuildPhase;
			buildActionMask = 2147483647;
			files = (
			);
			inputPaths = (
			);
			name = "[CP] Embed Pods Frameworks";
			outputPaths = (
			);
			runOnlyForDeploymentPostprocessing = 0;
			shellPath = /bin/sh;
			shellScript = "\"${SRCROOT}/Pods/Target Support Files/Pods-QRReaderDemo/Pods-QRReaderDemo-frameworks.sh\"\n";
			showEnvVarsInLog = 0;
		};
		F406ACE553CBA7EA32BA2E74 /* [CP] Embed Pods Frameworks */ = {
			isa = PBXShellScriptBuildPhase;
			buildActionMask = 2147483647;
			files = (
			);
			inputPaths = (
			);
			name = "[CP] Embed Pods Frameworks";
			outputPaths = (
			);
			runOnlyForDeploymentPostprocessing = 0;
			shellPath = /bin/sh;
			shellScript = "\"${SRCROOT}/Pods/Target Support Files/Pods-QRReaderDemoTests/Pods-QRReaderDemoTests-frameworks.sh\"\n";
			showEnvVarsInLog = 0;
		};
/* End PBXShellScriptBuildPhase section */

/* Begin PBXSourcesBuildPhase section */
		F4973AA71A21DD6D00E2F44E /* Sources */ = {
			isa = PBXSourcesBuildPhase;
			buildActionMask = 2147483647;
			files = (
				F4973AB31A21DD6D00E2F44E /* ViewController.swift in Sources */,
				70B14DA41D33370600295085 /* UploadViewController.swift in Sources */,
				707F47901D1CFA0500A31323 /* FingerPrintViewController.swift in Sources */,
				705F4ACE1D1BD1E50039D771 /* RealmTest.swift in Sources */,
				706E0EE81D1A372B0072D8A3 /* QRcodeGenerator.swift in Sources */,
				707F47A61D2226E800A31323 /* API.swift in Sources */,
				F4973AB11A21DD6D00E2F44E /* AppDelegate.swift in Sources */,
			);
			runOnlyForDeploymentPostprocessing = 0;
		};
		F4973ABC1A21DD6E00E2F44E /* Sources */ = {
			isa = PBXSourcesBuildPhase;
			buildActionMask = 2147483647;
			files = (
				F4973AC71A21DD6E00E2F44E /* QRReaderDemoTests.swift in Sources */,
			);
			runOnlyForDeploymentPostprocessing = 0;
		};
/* End PBXSourcesBuildPhase section */

/* Begin PBXTargetDependency section */
		F4973AC21A21DD6E00E2F44E /* PBXTargetDependency */ = {
			isa = PBXTargetDependency;
			target = F4973AAA1A21DD6D00E2F44E /* QRReaderDemo */;
			targetProxy = F4973AC11A21DD6E00E2F44E /* PBXContainerItemProxy */;
		};
/* End PBXTargetDependency section */

/* Begin PBXVariantGroup section */
		F4973AB41A21DD6D00E2F44E /* Main.storyboard */ = {
			isa = PBXVariantGroup;
			children = (
				F4973AB51A21DD6D00E2F44E /* Base */,
			);
			name = Main.storyboard;
			sourceTree = "<group>";
		};
		F4973AB91A21DD6D00E2F44E /* LaunchScreen.xib */ = {
			isa = PBXVariantGroup;
			children = (
				F4973ABA1A21DD6D00E2F44E /* Base */,
			);
			name = LaunchScreen.xib;
			sourceTree = "<group>";
		};
/* End PBXVariantGroup section */

/* Begin XCBuildConfiguration section */
		F4973AC81A21DD6E00E2F44E /* Debug */ = {
			isa = XCBuildConfiguration;
			buildSettings = {
				ALWAYS_SEARCH_USER_PATHS = NO;
				CLANG_CXX_LANGUAGE_STANDARD = "gnu++0x";
				CLANG_CXX_LIBRARY = "libc++";
				CLANG_ENABLE_MODULES = YES;
				CLANG_ENABLE_OBJC_ARC = YES;
				CLANG_WARN_BOOL_CONVERSION = YES;
				CLANG_WARN_CONSTANT_CONVERSION = YES;
				CLANG_WARN_DIRECT_OBJC_ISA_USAGE = YES_ERROR;
				CLANG_WARN_EMPTY_BODY = YES;
				CLANG_WARN_ENUM_CONVERSION = YES;
				CLANG_WARN_INT_CONVERSION = YES;
				CLANG_WARN_OBJC_ROOT_CLASS = YES_ERROR;
				CLANG_WARN_UNREACHABLE_CODE = YES;
				CLANG_WARN__DUPLICATE_METHOD_MATCH = YES;
				"CODE_SIGN_IDENTITY[sdk=iphoneos*]" = "iPhone Developer";
				COPY_PHASE_STRIP = NO;
				ENABLE_STRICT_OBJC_MSGSEND = YES;
				ENABLE_TESTABILITY = YES;
				GCC_C_LANGUAGE_STANDARD = gnu99;
				GCC_DYNAMIC_NO_PIC = NO;
				GCC_OPTIMIZATION_LEVEL = 0;
				GCC_PREPROCESSOR_DEFINITIONS = (
					"DEBUG=1",
					"$(inherited)",
				);
				GCC_SYMBOLS_PRIVATE_EXTERN = NO;
				GCC_WARN_64_TO_32_BIT_CONVERSION = YES;
				GCC_WARN_ABOUT_RETURN_TYPE = YES_ERROR;
				GCC_WARN_UNDECLARED_SELECTOR = YES;
				GCC_WARN_UNINITIALIZED_AUTOS = YES_AGGRESSIVE;
				GCC_WARN_UNUSED_FUNCTION = YES;
				GCC_WARN_UNUSED_VARIABLE = YES;
				IPHONEOS_DEPLOYMENT_TARGET = 8.1;
				MTL_ENABLE_DEBUG_INFO = YES;
				ONLY_ACTIVE_ARCH = YES;
				SDKROOT = iphoneos;
				SWIFT_OPTIMIZATION_LEVEL = "-Onone";
			};
			name = Debug;
		};
		F4973AC91A21DD6E00E2F44E /* Release */ = {
			isa = XCBuildConfiguration;
			buildSettings = {
				ALWAYS_SEARCH_USER_PATHS = NO;
				CLANG_CXX_LANGUAGE_STANDARD = "gnu++0x";
				CLANG_CXX_LIBRARY = "libc++";
				CLANG_ENABLE_MODULES = YES;
				CLANG_ENABLE_OBJC_ARC = YES;
				CLANG_WARN_BOOL_CONVERSION = YES;
				CLANG_WARN_CONSTANT_CONVERSION = YES;
				CLANG_WARN_DIRECT_OBJC_ISA_USAGE = YES_ERROR;
				CLANG_WARN_EMPTY_BODY = YES;
				CLANG_WARN_ENUM_CONVERSION = YES;
				CLANG_WARN_INT_CONVERSION = YES;
				CLANG_WARN_OBJC_ROOT_CLASS = YES_ERROR;
				CLANG_WARN_UNREACHABLE_CODE = YES;
				CLANG_WARN__DUPLICATE_METHOD_MATCH = YES;
				"CODE_SIGN_IDENTITY[sdk=iphoneos*]" = "iPhone Developer";
				COPY_PHASE_STRIP = YES;
				ENABLE_NS_ASSERTIONS = NO;
				ENABLE_STRICT_OBJC_MSGSEND = YES;
				GCC_C_LANGUAGE_STANDARD = gnu99;
				GCC_WARN_64_TO_32_BIT_CONVERSION = YES;
				GCC_WARN_ABOUT_RETURN_TYPE = YES_ERROR;
				GCC_WARN_UNDECLARED_SELECTOR = YES;
				GCC_WARN_UNINITIALIZED_AUTOS = YES_AGGRESSIVE;
				GCC_WARN_UNUSED_FUNCTION = YES;
				GCC_WARN_UNUSED_VARIABLE = YES;
				IPHONEOS_DEPLOYMENT_TARGET = 8.1;
				MTL_ENABLE_DEBUG_INFO = NO;
				SDKROOT = iphoneos;
				VALIDATE_PRODUCT = YES;
			};
			name = Release;
		};
		F4973ACB1A21DD6E00E2F44E /* Debug */ = {
			isa = XCBuildConfiguration;
			baseConfigurationReference = 7D00E381CA5BAE01246599A8 /* Pods-QRReaderDemo.debug.xcconfig */;
			buildSettings = {
				ASSETCATALOG_COMPILER_APPICON_NAME = AppIcon;
				INFOPLIST_FILE = QRReaderDemo/Info.plist;
				LD_RUNPATH_SEARCH_PATHS = "$(inherited) @executable_path/Frameworks";
				PRODUCT_BUNDLE_IDENTIFIER = "com.appcoda.$(PRODUCT_NAME:rfc1034identifier)";
				PRODUCT_NAME = QRCode;
			};
			name = Debug;
		};
		F4973ACC1A21DD6E00E2F44E /* Release */ = {
			isa = XCBuildConfiguration;
			baseConfigurationReference = BFC391244BD71A773D832713 /* Pods-QRReaderDemo.release.xcconfig */;
			buildSettings = {
				ASSETCATALOG_COMPILER_APPICON_NAME = AppIcon;
				INFOPLIST_FILE = QRReaderDemo/Info.plist;
				LD_RUNPATH_SEARCH_PATHS = "$(inherited) @executable_path/Frameworks";
				PRODUCT_BUNDLE_IDENTIFIER = "com.appcoda.$(PRODUCT_NAME:rfc1034identifier)";
				PRODUCT_NAME = QRCode;
			};
			name = Release;
		};
		F4973ACE1A21DD6E00E2F44E /* Debug */ = {
			isa = XCBuildConfiguration;
			buildSettings = {
				BUNDLE_LOADER = "$(TEST_HOST)";
				FRAMEWORK_SEARCH_PATHS = (
					"$(SDKROOT)/Developer/Library/Frameworks",
					"$(inherited)",
				);
				GCC_PREPROCESSOR_DEFINITIONS = (
					"DEBUG=1",
					"$(inherited)",
				);
				INFOPLIST_FILE = QRReaderDemoTests/Info.plist;
				LD_RUNPATH_SEARCH_PATHS = "$(inherited) @executable_path/Frameworks @loader_path/Frameworks";
				PRODUCT_BUNDLE_IDENTIFIER = "com.appcoda.$(PRODUCT_NAME:rfc1034identifier)";
				PRODUCT_NAME = "$(TARGET_NAME)";
				TEST_HOST = "$(BUILT_PRODUCTS_DIR)/QRReaderDemo.app/QRReaderDemo";
			};
			name = Debug;
		};
		F4973ACF1A21DD6E00E2F44E /* Release */ = {
			isa = XCBuildConfiguration;
			buildSettings = {
				BUNDLE_LOADER = "$(TEST_HOST)";
				FRAMEWORK_SEARCH_PATHS = (
					"$(SDKROOT)/Developer/Library/Frameworks",
					"$(inherited)",
				);
				INFOPLIST_FILE = QRReaderDemoTests/Info.plist;
				LD_RUNPATH_SEARCH_PATHS = "$(inherited) @executable_path/Frameworks @loader_path/Frameworks";
				PRODUCT_BUNDLE_IDENTIFIER = "com.appcoda.$(PRODUCT_NAME:rfc1034identifier)";
				PRODUCT_NAME = "$(TARGET_NAME)";
				TEST_HOST = "$(BUILT_PRODUCTS_DIR)/QRReaderDemo.app/QRReaderDemo";
			};
			name = Release;
		};
/* End XCBuildConfiguration section */

/* Begin XCConfigurationList section */
		F4973AA61A21DD6D00E2F44E /* Build configuration list for PBXProject "QRReaderDemo" */ = {
			isa = XCConfigurationList;
			buildConfigurations = (
				F4973AC81A21DD6E00E2F44E /* Debug */,
				F4973AC91A21DD6E00E2F44E /* Release */,
			);
			defaultConfigurationIsVisible = 0;
			defaultConfigurationName = Release;
		};
		F4973ACA1A21DD6E00E2F44E /* Build configuration list for PBXNativeTarget "QRReaderDemo" */ = {
			isa = XCConfigurationList;
			buildConfigurations = (
				F4973ACB1A21DD6E00E2F44E /* Debug */,
				F4973ACC1A21DD6E00E2F44E /* Release */,
			);
			defaultConfigurationIsVisible = 0;
			defaultConfigurationName = Release;
		};
		F4973ACD1A21DD6E00E2F44E /* Build configuration list for PBXNativeTarget "QRReaderDemoTests" */ = {
			isa = XCConfigurationList;
			buildConfigurations = (
				F4973ACE1A21DD6E00E2F44E /* Debug */,
				F4973ACF1A21DD6E00E2F44E /* Release */,
			);
			defaultConfigurationIsVisible = 0;
			defaultConfigurationName = Release;
		};
/* End XCConfigurationList section */
	};
	rootObject = F4973AA31A21DD6D00E2F44E /* Project object */;
}
